// !$*UTF8*$!
{
	archiveVersion = 1;
	classes = {
	};
	objectVersion = 55;
	objects = {

/* Begin PBXBuildFile section */
		18B026032896FA3E00FC04A8 /* Pokemon.swift in Sources */ = {isa = PBXBuildFile; fileRef = 18B026022896FA3E00FC04A8 /* Pokemon.swift */; };
		18B02605289801BB00FC04A8 /* service.swift in Sources */ = {isa = PBXBuildFile; fileRef = 18B02604289801BB00FC04A8 /* service.swift */; };
		18DD9A1E28952BD9009D71B2 /* AppDelegate.swift in Sources */ = {isa = PBXBuildFile; fileRef = 18DD9A1D28952BD9009D71B2 /* AppDelegate.swift */; };
		18DD9A2028952BD9009D71B2 /* SceneDelegate.swift in Sources */ = {isa = PBXBuildFile; fileRef = 18DD9A1F28952BD9009D71B2 /* SceneDelegate.swift */; };
		18DD9A2528952BD9009D71B2 /* Main.storyboard in Resources */ = {isa = PBXBuildFile; fileRef = 18DD9A2328952BD9009D71B2 /* Main.storyboard */; };
		18DD9A2728952BDB009D71B2 /* Assets.xcassets in Resources */ = {isa = PBXBuildFile; fileRef = 18DD9A2628952BDB009D71B2 /* Assets.xcassets */; };
		18DD9A2A28952BDB009D71B2 /* LaunchScreen.storyboard in Resources */ = {isa = PBXBuildFile; fileRef = 18DD9A2828952BDB009D71B2 /* LaunchScreen.storyboard */; };
		18DD9A342895371E009D71B2 /* PokemonCollectionViewController.swift in Sources */ = {isa = PBXBuildFile; fileRef = 18DD9A332895371E009D71B2 /* PokemonCollectionViewController.swift */; };
		18DD9A372896721C009D71B2 /* PokiCollectionViewCell.swift in Sources */ = {isa = PBXBuildFile; fileRef = 18DD9A352896721C009D71B2 /* PokiCollectionViewCell.swift */; };
		18DD9A382896721C009D71B2 /* PokiCollectionViewCell.xib in Resources */ = {isa = PBXBuildFile; fileRef = 18DD9A362896721C009D71B2 /* PokiCollectionViewCell.xib */; };
/* End PBXBuildFile section */

/* Begin PBXFileReference section */
		18B026022896FA3E00FC04A8 /* Pokemon.swift */ = {isa = PBXFileReference; lastKnownFileType = sourcecode.swift; path = Pokemon.swift; sourceTree = "<group>"; };
		18B02604289801BB00FC04A8 /* service.swift */ = {isa = PBXFileReference; lastKnownFileType = sourcecode.swift; path = service.swift; sourceTree = "<group>"; };
		18DD9A1A28952BD9009D71B2 /* Pokemon.app */ = {isa = PBXFileReference; explicitFileType = wrapper.application; includeInIndex = 0; path = Pokemon.app; sourceTree = BUILT_PRODUCTS_DIR; };
		18DD9A1D28952BD9009D71B2 /* AppDelegate.swift */ = {isa = PBXFileReference; lastKnownFileType = sourcecode.swift; path = AppDelegate.swift; sourceTree = "<group>"; };
		18DD9A1F28952BD9009D71B2 /* SceneDelegate.swift */ = {isa = PBXFileReference; lastKnownFileType = sourcecode.swift; path = SceneDelegate.swift; sourceTree = "<group>"; };
		18DD9A2428952BD9009D71B2 /* Base */ = {isa = PBXFileReference; lastKnownFileType = file.storyboard; name = Base; path = Base.lproj/Main.storyboard; sourceTree = "<group>"; };
		18DD9A2628952BDB009D71B2 /* Assets.xcassets */ = {isa = PBXFileReference; lastKnownFileType = folder.assetcatalog; path = Assets.xcassets; sourceTree = "<group>"; };
		18DD9A2928952BDB009D71B2 /* Base */ = {isa = PBXFileReference; lastKnownFileType = file.storyboard; name = Base; path = Base.lproj/LaunchScreen.storyboard; sourceTree = "<group>"; };
		18DD9A2B28952BDB009D71B2 /* Info.plist */ = {isa = PBXFileReference; lastKnownFileType = text.plist.xml; path = Info.plist; sourceTree = "<group>"; };
		18DD9A332895371E009D71B2 /* PokemonCollectionViewController.swift */ = {isa = PBXFileReference; lastKnownFileType = sourcecode.swift; path = PokemonCollectionViewController.swift; sourceTree = "<group>"; };
		18DD9A352896721C009D71B2 /* PokiCollectionViewCell.swift */ = {isa = PBXFileReference; lastKnownFileType = sourcecode.swift; path = PokiCollectionViewCell.swift; sourceTree = "<group>"; };
		18DD9A362896721C009D71B2 /* PokiCollectionViewCell.xib */ = {isa = PBXFileReference; lastKnownFileType = file.xib; path = PokiCollectionViewCell.xib; sourceTree = "<group>"; };
/* End PBXFileReference section */

/* Begin PBXFrameworksBuildPhase section */
		18DD9A1728952BD9009D71B2 /* Frameworks */ = {
			isa = PBXFrameworksBuildPhase;
			buildActionMask = 2147483647;
			files = (
			);
			runOnlyForDeploymentPostprocessing = 0;
		};
/* End PBXFrameworksBuildPhase section */

/* Begin PBXGroup section */
		18B026012896FA2900FC04A8 /* Pokemon */ = {
			isa = PBXGroup;
			children = (
				18B026022896FA3E00FC04A8 /* Pokemon.swift */,
				18B02604289801BB00FC04A8 /* service.swift */,
			);
			path = Pokemon;
			sourceTree = "<group>";
		};
		18DD9A1128952BD9009D71B2 = {
			isa = PBXGroup;
			children = (
				18DD9A1C28952BD9009D71B2 /* Pokemon */,
				18DD9A1B28952BD9009D71B2 /* Products */,
			);
			sourceTree = "<group>";
		};
		18DD9A1B28952BD9009D71B2 /* Products */ = {
			isa = PBXGroup;
			children = (
				18DD9A1A28952BD9009D71B2 /* Pokemon.app */,
			);
			name = Products;
			sourceTree = "<group>";
		};
		18DD9A1C28952BD9009D71B2 /* Pokemon */ = {
			isa = PBXGroup;
			children = (
				18DD9A1D28952BD9009D71B2 /* AppDelegate.swift */,
				18DD9A1F28952BD9009D71B2 /* SceneDelegate.swift */,
				18B026012896FA2900FC04A8 /* Pokemon */,
				18DD9A392896722D009D71B2 /* PokimonCell */,
				18DD9A3228952BF3009D71B2 /* Controller */,
				18DD9A3128952BEA009D71B2 /* View */,
				18DD9A2628952BDB009D71B2 /* Assets.xcassets */,
				18DD9A2828952BDB009D71B2 /* LaunchScreen.storyboard */,
				18DD9A2B28952BDB009D71B2 /* Info.plist */,
			);
			path = Pokemon;
			sourceTree = "<group>";
		};
		18DD9A3128952BEA009D71B2 /* View */ = {
			isa = PBXGroup;
			children = (
				18DD9A2328952BD9009D71B2 /* Main.storyboard */,
			);
			path = View;
			sourceTree = "<group>";
		};
		18DD9A3228952BF3009D71B2 /* Controller */ = {
			isa = PBXGroup;
			children = (
				18DD9A332895371E009D71B2 /* PokemonCollectionViewController.swift */,
			);
			path = Controller;
			sourceTree = "<group>";
		};
		18DD9A392896722D009D71B2 /* PokimonCell */ = {
			isa = PBXGroup;
			children = (
				18DD9A352896721C009D71B2 /* PokiCollectionViewCell.swift */,
				18DD9A362896721C009D71B2 /* PokiCollectionViewCell.xib */,
			);
			path = PokimonCell;
			sourceTree = "<group>";
		};
/* End PBXGroup section */

/* Begin PBXNativeTarget section */
		18DD9A1928952BD9009D71B2 /* Pokemon */ = {
			isa = PBXNativeTarget;
			buildConfigurationList = 18DD9A2E28952BDB009D71B2 /* Build configuration list for PBXNativeTarget "Pokemon" */;
			buildPhases = (
				18DD9A1628952BD9009D71B2 /* Sources */,
				18DD9A1728952BD9009D71B2 /* Frameworks */,
				18DD9A1828952BD9009D71B2 /* Resources */,
			);
			buildRules = (
			);
			dependencies = (
			);
			name = Pokemon;
			productName = Pokemon;
			productReference = 18DD9A1A28952BD9009D71B2 /* Pokemon.app */;
			productType = "com.apple.product-type.application";
		};
/* End PBXNativeTarget section */

/* Begin PBXProject section */
		18DD9A1228952BD9009D71B2 /* Project object */ = {
			isa = PBXProject;
			attributes = {
				BuildIndependentTargetsInParallel = 1;
				LastSwiftUpdateCheck = 1340;
				LastUpgradeCheck = 1340;
				TargetAttributes = {
					18DD9A1928952BD9009D71B2 = {
						CreatedOnToolsVersion = 13.4.1;
					};
				};
			};
			buildConfigurationList = 18DD9A1528952BD9009D71B2 /* Build configuration list for PBXProject "Pokemon" */;
			compatibilityVersion = "Xcode 13.0";
			developmentRegion = en;
			hasScannedForEncodings = 0;
			knownRegions = (
				en,
				Base,
			);
			mainGroup = 18DD9A1128952BD9009D71B2;
			productRefGroup = 18DD9A1B28952BD9009D71B2 /* Products */;
			projectDirPath = "";
			projectRoot = "";
			targets = (
				18DD9A1928952BD9009D71B2 /* Pokemon */,
			);
		};
/* End PBXProject section */

/* Begin PBXResourcesBuildPhase section */
		18DD9A1828952BD9009D71B2 /* Resources */ = {
			isa = PBXResourcesBuildPhase;
			buildActionMask = 2147483647;
			files = (
				18DD9A2A28952BDB009D71B2 /* LaunchScreen.storyboard in Resources */,
				18DD9A382896721C009D71B2 /* PokiCollectionViewCell.xib in Resources */,
				18DD9A2728952BDB009D71B2 /* Assets.xcassets in Resources */,
				18DD9A2528952BD9009D71B2 /* Main.storyboard in Resources */,
			);
			runOnlyForDeploymentPostprocessing = 0;
		};
/* End PBXResourcesBuildPhase section */

/* Begin PBXSourcesBuildPhase section */
		18DD9A1628952BD9009D71B2 /* Sources */ = {
			isa = PBXSourcesBuildPhase;
			buildActionMask = 2147483647;
			files = (
				18B026032896FA3E00FC04A8 /* Pokemon.swift in Sources */,
				18B02605289801BB00FC04A8 /* service.swift in Sources */,
				18DD9A342895371E009D71B2 /* PokemonCollectionViewController.swift in Sources */,
				18DD9A372896721C009D71B2 /* PokiCollectionViewCell.swift in Sources */,
				18DD9A1E28952BD9009D71B2 /* AppDelegate.swift in Sources */,
				18DD9A2028952BD9009D71B2 /* SceneDelegate.swift in Sources */,
			);
			runOnlyForDeploymentPostprocessing = 0;
		};
/* End PBXSourcesBuildPhase section */

/* Begin PBXVariantGroup section */
		18DD9A2328952BD9009D71B2 /* Main.storyboard */ = {
			isa = PBXVariantGroup;
			children = (
				18DD9A2428952BD9009D71B2 /* Base */,
			);
			name = Main.storyboard;
			sourceTree = "<group>";
		};
		18DD9A2828952BDB009D71B2 /* LaunchScreen.storyboard */ = {
			isa = PBXVariantGroup;
			children = (
				18DD9A2928952BDB009D71B2 /* Base */,
			);
			name = LaunchScreen.storyboard;
			sourceTree = "<group>";
		};
/* End PBXVariantGroup section */

/* Begin XCBuildConfiguration section */
		18DD9A2C28952BDB009D71B2 /* Debug */ = {
			isa = XCBuildConfiguration;
			buildSettings = {
				ALWAYS_SEARCH_USER_PATHS = NO;
				CLANG_ANALYZER_NONNULL = YES;
				CLANG_ANALYZER_NUMBER_OBJECT_CONVERSION = YES_AGGRESSIVE;
				CLANG_CXX_LANGUAGE_STANDARD = "gnu++17";
				CLANG_ENABLE_MODULES = YES;
				CLANG_ENABLE_OBJC_ARC = YES;
				CLANG_ENABLE_OBJC_WEAK = YES;
				CLANG_WARN_BLOCK_CAPTURE_AUTORELEASING = YES;
				CLANG_WARN_BOOL_CONVERSION = YES;
				CLANG_WARN_COMMA = YES;
				CLANG_WARN_CONSTANT_CONVERSION = YES;
				CLANG_WARN_DEPRECATED_OBJC_IMPLEMENTATIONS = YES;
				CLANG_WARN_DIRECT_OBJC_ISA_USAGE = YES_ERROR;
				CLANG_WARN_DOCUMENTATION_COMMENTS = YES;
				CLANG_WARN_EMPTY_BODY = YES;
				CLANG_WARN_ENUM_CONVERSION = YES;
				CLANG_WARN_INFINITE_RECURSION = YES;
				CLANG_WARN_INT_CONVERSION = YES;
				CLANG_WARN_NON_LITERAL_NULL_CONVERSION = YES;
				CLANG_WARN_OBJC_IMPLICIT_RETAIN_SELF = YES;
				CLANG_WARN_OBJC_LITERAL_CONVERSION = YES;
				CLANG_WARN_OBJC_ROOT_CLASS = YES_ERROR;
				CLANG_WARN_QUOTED_INCLUDE_IN_FRAMEWORK_HEADER = YES;
				CLANG_WARN_RANGE_LOOP_ANALYSIS = YES;
				CLANG_WARN_STRICT_PROTOTYPES = YES;
				CLANG_WARN_SUSPICIOUS_MOVE = YES;
				CLANG_WARN_UNGUARDED_AVAILABILITY = YES_AGGRESSIVE;
				CLANG_WARN_UNREACHABLE_CODE = YES;
				CLANG_WARN__DUPLICATE_METHOD_MATCH = YES;
				COPY_PHASE_STRIP = NO;
				DEBUG_INFORMATION_FORMAT = dwarf;
				ENABLE_STRICT_OBJC_MSGSEND = YES;
				ENABLE_TESTABILITY = YES;
				GCC_C_LANGUAGE_STANDARD = gnu11;
				GCC_DYNAMIC_NO_PIC = NO;
				GCC_NO_COMMON_BLOCKS = YES;
				GCC_OPTIMIZATION_LEVEL = 0;
				GCC_PREPROCESSOR_DEFINITIONS = (
					"DEBUG=1",
					"$(inherited)",
				);
				GCC_WARN_64_TO_32_BIT_CONVERSION = YES;
				GCC_WARN_ABOUT_RETURN_TYPE = YES_ERROR;
				GCC_WARN_UNDECLARED_SELECTOR = YES;
				GCC_WARN_UNINITIALIZED_AUTOS = YES_AGGRESSIVE;
				GCC_WARN_UNUSED_FUNCTION = YES;
				GCC_WARN_UNUSED_VARIABLE = YES;
				IPHONEOS_DEPLOYMENT_TARGET = 15.5;
				MTL_ENABLE_DEBUG_INFO = INCLUDE_SOURCE;
				MTL_FAST_MATH = YES;
				ONLY_ACTIVE_ARCH = YES;
				SDKROOT = iphoneos;
				SWIFT_ACTIVE_COMPILATION_CONDITIONS = DEBUG;
				SWIFT_OPTIMIZATION_LEVEL = "-Onone";
			};
			name = Debug;
		};
		18DD9A2D28952BDB009D71B2 /* Release */ = {
			isa = XCBuildConfiguration;
			buildSettings = {
				ALWAYS_SEARCH_USER_PATHS = NO;
				CLANG_ANALYZER_NONNULL = YES;
				CLANG_ANALYZER_NUMBER_OBJECT_CONVERSION = YES_AGGRESSIVE;
				CLANG_CXX_LANGUAGE_STANDARD = "gnu++17";
				CLANG_ENABLE_MODULES = YES;
				CLANG_ENABLE_OBJC_ARC = YES;
				CLANG_ENABLE_OBJC_WEAK = YES;
				CLANG_WARN_BLOCK_CAPTURE_AUTORELEASING = YES;
				CLANG_WARN_BOOL_CONVERSION = YES;
				CLANG_WARN_COMMA = YES;
				CLANG_WARN_CONSTANT_CONVERSION = YES;
				CLANG_WARN_DEPRECATED_OBJC_IMPLEMENTATIONS = YES;
				CLANG_WARN_DIRECT_OBJC_ISA_USAGE = YES_ERROR;
				CLANG_WARN_DOCUMENTATION_COMMENTS = YES;
				CLANG_WARN_EMPTY_BODY = YES;
				CLANG_WARN_ENUM_CONVERSION = YES;
				CLANG_WARN_INFINITE_RECURSION = YES;
				CLANG_WARN_INT_CONVERSION = YES;
				CLANG_WARN_NON_LITERAL_NULL_CONVERSION = YES;
				CLANG_WARN_OBJC_IMPLICIT_RETAIN_SELF = YES;
				CLANG_WARN_OBJC_LITERAL_CONVERSION = YES;
				CLANG_WARN_OBJC_ROOT_CLASS = YES_ERROR;
				CLANG_WARN_QUOTED_INCLUDE_IN_FRAMEWORK_HEADER = YES;
				CLANG_WARN_RANGE_LOOP_ANALYSIS = YES;
				CLANG_WARN_STRICT_PROTOTYPES = YES;
				CLANG_WARN_SUSPICIOUS_MOVE = YES;
				CLANG_WARN_UNGUARDED_AVAILABILITY = YES_AGGRESSIVE;
				CLANG_WARN_UNREACHABLE_CODE = YES;
				CLANG_WARN__DUPLICATE_METHOD_MATCH = YES;
				COPY_PHASE_STRIP = NO;
				DEBUG_INFORMATION_FORMAT = "dwarf-with-dsym";
				ENABLE_NS_ASSERTIONS = NO;
				ENABLE_STRICT_OBJC_MSGSEND = YES;
				GCC_C_LANGUAGE_STANDARD = gnu11;
				GCC_NO_COMMON_BLOCKS = YES;
				GCC_WARN_64_TO_32_BIT_CONVERSION = YES;
				GCC_WARN_ABOUT_RETURN_TYPE = YES_ERROR;
				GCC_WARN_UNDECLARED_SELECTOR = YES;
				GCC_WARN_UNINITIALIZED_AUTOS = YES_AGGRESSIVE;
				GCC_WARN_UNUSED_FUNCTION = YES;
				GCC_WARN_UNUSED_VARIABLE = YES;
				IPHONEOS_DEPLOYMENT_TARGET = 15.5;
				MTL_ENABLE_DEBUG_INFO = NO;
				MTL_FAST_MATH = YES;
				SDKROOT = iphoneos;
				SWIFT_COMPILATION_MODE = wholemodule;
				SWIFT_OPTIMIZATION_LEVEL = "-O";
				VALIDATE_PRODUCT = YES;
			};
			name = Release;
		};
		18DD9A2F28952BDB009D71B2 /* Debug */ = {
			isa = XCBuildConfiguration;
			buildSettings = {
				ASSETCATALOG_COMPILER_APPICON_NAME = AppIcon;
				ASSETCATALOG_COMPILER_GLOBAL_ACCENT_COLOR_NAME = AccentColor;
				CODE_SIGN_STYLE = Automatic;
				CURRENT_PROJECT_VERSION = 1;
				DEVELOPMENT_TEAM = WBDD6DSTYT;
				GENERATE_INFOPLIST_FILE = YES;
				INFOPLIST_FILE = Pokemon/Info.plist;
				INFOPLIST_KEY_UIApplicationSupportsIndirectInputEvents = YES;
				INFOPLIST_KEY_UILaunchStoryboardName = LaunchScreen;
				INFOPLIST_KEY_UIMainStoryboardFile = Main;
				INFOPLIST_KEY_UISupportedInterfaceOrientations_iPad = "UIInterfaceOrientationPortrait UIInterfaceOrientationPortraitUpsideDown UIInterfaceOrientationLandscapeLeft UIInterfaceOrientationLandscapeRight";
				INFOPLIST_KEY_UISupportedInterfaceOrientations_iPhone = "UIInterfaceOrientationPortrait UIInterfaceOrientationLandscapeLeft UIInterfaceOrientationLandscapeRight";
				LD_RUNPATH_SEARCH_PATHS = (
					"$(inherited)",
					"@executable_path/Frameworks",
				);
				MARKETING_VERSION = 1.0;
				PRODUCT_BUNDLE_IDENTIFIER = "co.muskanrao.protocols-Demo2.Pokemon";
				PRODUCT_NAME = "$(TARGET_NAME)";
				SWIFT_EMIT_LOC_STRINGS = YES;
				SWIFT_VERSION = 5.0;
				TARGETED_DEVICE_FAMILY = "1,2";
			};
			name = Debug;
		};
		18DD9A3028952BDB009D71B2 /* Release */ = {
			isa = XCBuildConfiguration;
			buildSettings = {
				ASSETCATALOG_COMPILER_APPICON_NAME = AppIcon;
				ASSETCATALOG_COMPILER_GLOBAL_ACCENT_COLOR_NAME = AccentColor;
				CODE_SIGN_STYLE = Automatic;
				CURRENT_PROJECT_VERSION = 1;
				DEVELOPMENT_TEAM = WBDD6DSTYT;
				GENERATE_INFOPLIST_FILE = YES;
				INFOPLIST_FILE = Pokemon/Info.plist;
				INFOPLIST_KEY_UIApplicationSupportsIndirectInputEvents = YES;
				INFOPLIST_KEY_UILaunchStoryboardName = LaunchScreen;
				INFOPLIST_KEY_UIMainStoryboardFile = Main;
				INFOPLIST_KEY_UISupportedInterfaceOrientations_iPad = "UIInterfaceOrientationPortrait UIInterfaceOrientationPortraitUpsideDown UIInterfaceOrientationLandscapeLeft UIInterfaceOrientationLandscapeRight";
				INFOPLIST_KEY_UISupportedInterfaceOrientations_iPhone = "UIInterfaceOrientationPortrait UIInterfaceOrientationLandscapeLeft UIInterfaceOrientationLandscapeRight";
				LD_RUNPATH_SEARCH_PATHS = (
					"$(inherited)",
					"@executable_path/Frameworks",
				);
				MARKETING_VERSION = 1.0;
				PRODUCT_BUNDLE_IDENTIFIER = "co.muskanrao.protocols-Demo2.Pokemon";
				PRODUCT_NAME = "$(TARGET_NAME)";
				SWIFT_EMIT_LOC_STRINGS = YES;
				SWIFT_VERSION = 5.0;
				TARGETED_DEVICE_FAMILY = "1,2";
			};
			name = Release;
		};
/* End XCBuildConfiguration section */

/* Begin XCConfigurationList section */
		18DD9A1528952BD9009D71B2 /* Build configuration list for PBXProject "Pokemon" */ = {
			isa = XCConfigurationList;
			buildConfigurations = (
				18DD9A2C28952BDB009D71B2 /* Debug */,
				18DD9A2D28952BDB009D71B2 /* Release */,
			);
			defaultConfigurationIsVisible = 0;
			defaultConfigurationName = Release;
		};
		18DD9A2E28952BDB009D71B2 /* Build configuration list for PBXNativeTarget "Pokemon" */ = {
			isa = XCConfigurationList;
			buildConfigurations = (
				18DD9A2F28952BDB009D71B2 /* Debug */,
				18DD9A3028952BDB009D71B2 /* Release */,
			);
			defaultConfigurationIsVisible = 0;
			defaultConfigurationName = Release;
		};
/* End XCConfigurationList section */
	};
	rootObject = 18DD9A1228952BD9009D71B2 /* Project object */;
}
